
Microsoft Visual Studio Solution File, Format Version 12.00
# Visual Studio Version 17
VisualStudioVersion = 17.7.34221.43
MinimumVisualStudioVersion = 10.0.40219.1
Project("{FAE04EC0-301F-11D3-BF4B-00C04F79EFBC}") = "Assignment24Day20", "Assignment24Day20.csproj", "{D2BEB700-E29F-4A0A-98A1-BD3483EBCDF1}"
EndProject
Global
	GlobalSection(SolutionConfigurationPlatforms) = preSolution
		Debug|Any CPU = Debug|Any CPU
		Release|Any CPU = Release|Any CPU
	EndGlobalSection
	GlobalSection(ProjectConfigurationPlatforms) = postSolution
		{D2BEB700-E29F-4A0A-98A1-BD3483EBCDF1}.Debug|Any CPU.ActiveCfg = Debug|Any CPU
		{D2BEB700-E29F-4A0A-98A1-BD3483EBCDF1}.Debug|Any CPU.Build.0 = Debug|Any CPU
		{D2BEB700-E29F-4A0A-98A1-BD3483EBCDF1}.Release|Any CPU.ActiveCfg = Release|Any CPU
		{D2BEB700-E29F-4A0A-98A1-BD3483EBCDF1}.Release|Any CPU.Build.0 = Release|Any CPU
	EndGlobalSection
	GlobalSection(SolutionProperties) = preSolution
		HideSolutionNode = FALSE
	EndGlobalSection
	GlobalSection(ExtensibilityGlobals) = postSolution
		SolutionGuid = {ECC61EE4-3EDE-4E3B-940F-526327173448}
	EndGlobalSection
EndGlobal
